
Microsoft Visual Studio Solution File, Format Version 12.00
# Visual Studio 15
VisualStudioVersion = 15.0.28307.572
MinimumVisualStudioVersion = 10.0.40219.1
Project("{FAE04EC0-301F-11D3-BF4B-00C04F79EFBC}") = "encrypt", "encrypt\encrypt.csproj", "{785CFF3D-1829-4349-B34E-8B788D6EFC20}"
EndProject
Global
	GlobalSection(SolutionConfigurationPlatforms) = preSolution
		Debug|Any CPU = Debug|Any CPU
		Release|Any CPU = Release|Any CPU
	EndGlobalSection
	GlobalSection(ProjectConfigurationPlatforms) = postSolution
		{785CFF3D-1829-4349-B34E-8B788D6EFC20}.Debug|Any CPU.ActiveCfg = Debug|Any CPU
		{785CFF3D-1829-4349-B34E-8B788D6EFC20}.Debug|Any CPU.Build.0 = Debug|Any CPU
		{785CFF3D-1829-4349-B34E-8B788D6EFC20}.Release|Any CPU.ActiveCfg = Release|Any CPU
		{785CFF3D-1829-4349-B34E-8B788D6EFC20}.Release|Any CPU.Build.0 = Release|Any CPU
	EndGlobalSection
	GlobalSection(SolutionProperties) = preSolution
		HideSolutionNode = FALSE
	EndGlobalSection
	GlobalSection(ExtensibilityGlobals) = postSolution
		SolutionGuid = {6232013C-5534-4559-916D-32994E5FBBF7}
	EndGlobalSection
EndGlobal
